
Microsoft Visual Studio Solution File, Format Version 12.00
# Visual Studio Version 16
VisualStudioVersion = 16.0.30002.166
MinimumVisualStudioVersion = 10.0.40219.1
Project("{FAE04EC0-301F-11D3-BF4B-00C04F79EFBC}") = "ComicsViewer", "ComicsViewer\ComicsViewer.csproj", "{0F28FEE5-755D-47FA-9282-7F190E93748F}"
EndProject
Project("{9A19103F-16F7-4668-BE54-9A1E7A4F7556}") = "ComicsLibrary", "ComicsLibrary\ComicsLibrary.csproj", "{5DFF8285-B9FE-4E29-AAD9-BD3326BBAB7A}"
EndProject
Project("{FAE04EC0-301F-11D3-BF4B-00C04F79EFBC}") = "ImageViewer", "ImageViewer\ImageViewer.csproj", "{5563C66E-A4B8-43D4-B99D-128D8E04ABA3}"
EndProject
Project("{FAE04EC0-301F-11D3-BF4B-00C04F79EFBC}") = "MusicPlayer", "MusicPlayer\MusicPlayer.csproj", "{31755BEF-7EE8-4EFF-8D3A-49405DD7BCA1}"
EndProject
Project("{9A19103F-16F7-4668-BE54-9A1E7A4F7556}") = "ComicsViewer.Common", "ComicsViewer.Common\ComicsViewer.Common.csproj", "{0E793585-A50B-40D0-9AF1-70AA455E685D}"
EndProject
Project("{FAE04EC0-301F-11D3-BF4B-00C04F79EFBC}") = "ComicsViewer.Uwp.Common", "ComicsViewer.Uwp.Common\ComicsViewer.Uwp.Common.csproj", "{2F382E6A-E7DA-4C71-AD65-161488D57978}"
EndProject
Project("{2150E333-8FDC-42A3-9474-1A3956D46DE8}") = "Solution Items", "Solution Items", "{61BEA365-6DDB-41C3-AA48-A12EAF23891E}"
	ProjectSection(SolutionItems) = preProject
		notes.txt = notes.txt
	EndProjectSection
EndProject
Global
	GlobalSection(SolutionConfigurationPlatforms) = preSolution
		Debug|Any CPU = Debug|Any CPU
		Debug|ARM = Debug|ARM
		Debug|ARM64 = Debug|ARM64
		Debug|x64 = Debug|x64
		Debug|x86 = Debug|x86
		Release|Any CPU = Release|Any CPU
		Release|ARM = Release|ARM
		Release|ARM64 = Release|ARM64
		Release|x64 = Release|x64
		Release|x86 = Release|x86
	EndGlobalSection
	GlobalSection(ProjectConfigurationPlatforms) = postSolution
		{0F28FEE5-755D-47FA-9282-7F190E93748F}.Debug|Any CPU.ActiveCfg = Debug|x64
		{0F28FEE5-755D-47FA-9282-7F190E93748F}.Debug|Any CPU.Build.0 = Debug|x64
		{0F28FEE5-755D-47FA-9282-7F190E93748F}.Debug|Any CPU.Deploy.0 = Debug|x64
		{0F28FEE5-755D-47FA-9282-7F190E93748F}.Debug|ARM.ActiveCfg = Debug|ARM
		{0F28FEE5-755D-47FA-9282-7F190E93748F}.Debug|ARM.Build.0 = Debug|ARM
		{0F28FEE5-755D-47FA-9282-7F190E93748F}.Debug|ARM.Deploy.0 = Debug|ARM
		{0F28FEE5-755D-47FA-9282-7F190E93748F}.Debug|ARM64.ActiveCfg = Debug|ARM64
		{0F28FEE5-755D-47FA-9282-7F190E93748F}.Debug|ARM64.Build.0 = Debug|ARM64
		{0F28FEE5-755D-47FA-9282-7F190E93748F}.Debug|ARM64.Deploy.0 = Debug|ARM64
		{0F28FEE5-755D-47FA-9282-7F190E93748F}.Debug|x64.ActiveCfg = Debug|x64
		{0F28FEE5-755D-47FA-9282-7F190E93748F}.Debug|x64.Build.0 = Debug|x64
		{0F28FEE5-755D-47FA-9282-7F190E93748F}.Debug|x64.Deploy.0 = Debug|x64
		{0F28FEE5-755D-47FA-9282-7F190E93748F}.Debug|x86.ActiveCfg = Debug|x86
		{0F28FEE5-755D-47FA-9282-7F190E93748F}.Debug|x86.Build.0 = Debug|x86
		{0F28FEE5-755D-47FA-9282-7F190E93748F}.Debug|x86.Deploy.0 = Debug|x86
		{0F28FEE5-755D-47FA-9282-7F190E93748F}.Release|Any CPU.ActiveCfg = Release|x64
		{0F28FEE5-755D-47FA-9282-7F190E93748F}.Release|Any CPU.Build.0 = Release|x64
		{0F28FEE5-755D-47FA-9282-7F190E93748F}.Release|Any CPU.Deploy.0 = Release|x64
		{0F28FEE5-755D-47FA-9282-7F190E93748F}.Release|ARM.ActiveCfg = Release|ARM
		{0F28FEE5-755D-47FA-9282-7F190E93748F}.Release|ARM.Build.0 = Release|ARM
		{0F28FEE5-755D-47FA-9282-7F190E93748F}.Release|ARM.Deploy.0 = Release|ARM
		{0F28FEE5-755D-47FA-9282-7F190E93748F}.Release|ARM64.ActiveCfg = Release|ARM64
		{0F28FEE5-755D-47FA-9282-7F190E93748F}.Release|ARM64.Build.0 = Release|ARM64
		{0F28FEE5-755D-47FA-9282-7F190E93748F}.Release|ARM64.Deploy.0 = Release|ARM64
		{0F28FEE5-755D-47FA-9282-7F190E93748F}.Release|x64.ActiveCfg = Release|x64
		{0F28FEE5-755D-47FA-9282-7F190E93748F}.Release|x64.Build.0 = Release|x64
		{0F28FEE5-755D-47FA-9282-7F190E93748F}.Release|x64.Deploy.0 = Release|x64
		{0F28FEE5-755D-47FA-9282-7F190E93748F}.Release|x86.ActiveCfg = Release|x86
		{0F28FEE5-755D-47FA-9282-7F190E93748F}.Release|x86.Build.0 = Release|x86
		{0F28FEE5-755D-47FA-9282-7F190E93748F}.Release|x86.Deploy.0 = Release|x86
		{5DFF8285-B9FE-4E29-AAD9-BD3326BBAB7A}.Debug|Any CPU.ActiveCfg = Debug|Any CPU
		{5DFF8285-B9FE-4E29-AAD9-BD3326BBAB7A}.Debug|Any CPU.Build.0 = Debug|Any CPU
		{5DFF8285-B9FE-4E29-AAD9-BD3326BBAB7A}.Debug|ARM.ActiveCfg = Debug|Any CPU
		{5DFF8285-B9FE-4E29-AAD9-BD3326BBAB7A}.Debug|ARM.Build.0 = Debug|Any CPU
		{5DFF8285-B9FE-4E29-AAD9-BD3326BBAB7A}.Debug|ARM64.ActiveCfg = Debug|Any CPU
		{5DFF8285-B9FE-4E29-AAD9-BD3326BBAB7A}.Debug|ARM64.Build.0 = Debug|Any CPU
		{5DFF8285-B9FE-4E29-AAD9-BD3326BBAB7A}.Debug|x64.ActiveCfg = Debug|Any CPU
		{5DFF8285-B9FE-4E29-AAD9-BD3326BBAB7A}.Debug|x64.Build.0 = Debug|Any CPU
		{5DFF8285-B9FE-4E29-AAD9-BD3326BBAB7A}.Debug|x86.ActiveCfg = Debug|Any CPU
		{5DFF8285-B9FE-4E29-AAD9-BD3326BBAB7A}.Debug|x86.Build.0 = Debug|Any CPU
		{5DFF8285-B9FE-4E29-AAD9-BD3326BBAB7A}.Release|Any CPU.ActiveCfg = Release|Any CPU
		{5DFF8285-B9FE-4E29-AAD9-BD3326BBAB7A}.Release|Any CPU.Build.0 = Release|Any CPU
		{5DFF8285-B9FE-4E29-AAD9-BD3326BBAB7A}.Release|ARM.ActiveCfg = Release|Any CPU
		{5DFF8285-B9FE-4E29-AAD9-BD3326BBAB7A}.Release|ARM.Build.0 = Release|Any CPU
		{5DFF8285-B9FE-4E29-AAD9-BD3326BBAB7A}.Release|ARM64.ActiveCfg = Release|Any CPU
		{5DFF8285-B9FE-4E29-AAD9-BD3326BBAB7A}.Release|ARM64.Build.0 = Release|Any CPU
		{5DFF8285-B9FE-4E29-AAD9-BD3326BBAB7A}.Release|x64.ActiveCfg = Release|Any CPU
		{5DFF8285-B9FE-4E29-AAD9-BD3326BBAB7A}.Release|x64.Build.0 = Release|Any CPU
		{5DFF8285-B9FE-4E29-AAD9-BD3326BBAB7A}.Release|x86.ActiveCfg = Release|Any CPU
		{5DFF8285-B9FE-4E29-AAD9-BD3326BBAB7A}.Release|x86.Build.0 = Release|Any CPU
		{5563C66E-A4B8-43D4-B99D-128D8E04ABA3}.Debug|Any CPU.ActiveCfg = Debug|x64
		{5563C66E-A4B8-43D4-B99D-128D8E04ABA3}.Debug|Any CPU.Build.0 = Debug|x64
		{5563C66E-A4B8-43D4-B99D-128D8E04ABA3}.Debug|Any CPU.Deploy.0 = Debug|x64
		{5563C66E-A4B8-43D4-B99D-128D8E04ABA3}.Debug|ARM.ActiveCfg = Debug|ARM
		{5563C66E-A4B8-43D4-B99D-128D8E04ABA3}.Debug|ARM.Build.0 = Debug|ARM
		{5563C66E-A4B8-43D4-B99D-128D8E04ABA3}.Debug|ARM.Deploy.0 = Debug|ARM
		{5563C66E-A4B8-43D4-B99D-128D8E04ABA3}.Debug|ARM64.ActiveCfg = Debug|ARM64
		{5563C66E-A4B8-43D4-B99D-128D8E04ABA3}.Debug|ARM64.Build.0 = Debug|ARM64
		{5563C66E-A4B8-43D4-B99D-128D8E04ABA3}.Debug|ARM64.Deploy.0 = Debug|ARM64
		{5563C66E-A4B8-43D4-B99D-128D8E04ABA3}.Debug|x64.ActiveCfg = Debug|x64
		{5563C66E-A4B8-43D4-B99D-128D8E04ABA3}.Debug|x64.Build.0 = Debug|x64
		{5563C66E-A4B8-43D4-B99D-128D8E04ABA3}.Debug|x64.Deploy.0 = Debug|x64
		{5563C66E-A4B8-43D4-B99D-128D8E04ABA3}.Debug|x86.ActiveCfg = Debug|x86
		{5563C66E-A4B8-43D4-B99D-128D8E04ABA3}.Debug|x86.Build.0 = Debug|x86
		{5563C66E-A4B8-43D4-B99D-128D8E04ABA3}.Debug|x86.Deploy.0 = Debug|x86
		{5563C66E-A4B8-43D4-B99D-128D8E04ABA3}.Release|Any CPU.ActiveCfg = Release|x64
		{5563C66E-A4B8-43D4-B99D-128D8E04ABA3}.Release|Any CPU.Build.0 = Release|x64
		{5563C66E-A4B8-43D4-B99D-128D8E04ABA3}.Release|Any CPU.Deploy.0 = Release|x64
		{5563C66E-A4B8-43D4-B99D-128D8E04ABA3}.Release|ARM.ActiveCfg = Release|ARM
		{5563C66E-A4B8-43D4-B99D-128D8E04ABA3}.Release|ARM.Build.0 = Release|ARM
		{5563C66E-A4B8-43D4-B99D-128D8E04ABA3}.Release|ARM.Deploy.0 = Release|ARM
		{5563C66E-A4B8-43D4-B99D-128D8E04ABA3}.Release|ARM64.ActiveCfg = Release|ARM64
		{5563C66E-A4B8-43D4-B99D-128D8E04ABA3}.Release|ARM64.Build.0 = Release|ARM64
		{5563C66E-A4B8-43D4-B99D-128D8E04ABA3}.Release|ARM64.Deploy.0 = Release|ARM64
		{5563C66E-A4B8-43D4-B99D-128D8E04ABA3}.Release|x64.ActiveCfg = Release|x64
		{5563C66E-A4B8-43D4-B99D-128D8E04ABA3}.Release|x64.Build.0 = Release|x64
		{5563C66E-A4B8-43D4-B99D-128D8E04ABA3}.Release|x64.Deploy.0 = Release|x64
		{5563C66E-A4B8-43D4-B99D-128D8E04ABA3}.Release|x86.ActiveCfg = Release|x86
		{5563C66E-A4B8-43D4-B99D-128D8E04ABA3}.Release|x86.Build.0 = Release|x86
		{5563C66E-A4B8-43D4-B99D-128D8E04ABA3}.Release|x86.Deploy.0 = Release|x86
		{31755BEF-7EE8-4EFF-8D3A-49405DD7BCA1}.Debug|Any CPU.ActiveCfg = Debug|x64
		{31755BEF-7EE8-4EFF-8D3A-49405DD7BCA1}.Debug|Any CPU.Build.0 = Debug|x64
		{31755BEF-7EE8-4EFF-8D3A-49405DD7BCA1}.Debug|Any CPU.Deploy.0 = Debug|x64
		{31755BEF-7EE8-4EFF-8D3A-49405DD7BCA1}.Debug|ARM.ActiveCfg = Debug|ARM
		{31755BEF-7EE8-4EFF-8D3A-49405DD7BCA1}.Debug|ARM.Build.0 = Debug|ARM
		{31755BEF-7EE8-4EFF-8D3A-49405DD7BCA1}.Debug|ARM.Deploy.0 = Debug|ARM
		{31755BEF-7EE8-4EFF-8D3A-49405DD7BCA1}.Debug|ARM64.ActiveCfg = Debug|ARM64
		{31755BEF-7EE8-4EFF-8D3A-49405DD7BCA1}.Debug|ARM64.Build.0 = Debug|ARM64
		{31755BEF-7EE8-4EFF-8D3A-49405DD7BCA1}.Debug|ARM64.Deploy.0 = Debug|ARM64
		{31755BEF-7EE8-4EFF-8D3A-49405DD7BCA1}.Debug|x64.ActiveCfg = Debug|x64
		{31755BEF-7EE8-4EFF-8D3A-49405DD7BCA1}.Debug|x64.Build.0 = Debug|x64
		{31755BEF-7EE8-4EFF-8D3A-49405DD7BCA1}.Debug|x64.Deploy.0 = Debug|x64
		{31755BEF-7EE8-4EFF-8D3A-49405DD7BCA1}.Debug|x86.ActiveCfg = Debug|x86
		{31755BEF-7EE8-4EFF-8D3A-49405DD7BCA1}.Debug|x86.Build.0 = Debug|x86
		{31755BEF-7EE8-4EFF-8D3A-49405DD7BCA1}.Debug|x86.Deploy.0 = Debug|x86
		{31755BEF-7EE8-4EFF-8D3A-49405DD7BCA1}.Release|Any CPU.ActiveCfg = Release|x64
		{31755BEF-7EE8-4EFF-8D3A-49405DD7BCA1}.Release|Any CPU.Build.0 = Release|x64
		{31755BEF-7EE8-4EFF-8D3A-49405DD7BCA1}.Release|Any CPU.Deploy.0 = Release|x64
		{31755BEF-7EE8-4EFF-8D3A-49405DD7BCA1}.Release|ARM.ActiveCfg = Release|ARM
		{31755BEF-7EE8-4EFF-8D3A-49405DD7BCA1}.Release|ARM.Build.0 = Release|ARM
		{31755BEF-7EE8-4EFF-8D3A-49405DD7BCA1}.Release|ARM.Deploy.0 = Release|ARM
		{31755BEF-7EE8-4EFF-8D3A-49405DD7BCA1}.Release|ARM64.ActiveCfg = Release|ARM64
		{31755BEF-7EE8-4EFF-8D3A-49405DD7BCA1}.Release|ARM64.Build.0 = Release|ARM64
		{31755BEF-7EE8-4EFF-8D3A-49405DD7BCA1}.Release|ARM64.Deploy.0 = Release|ARM64
		{31755BEF-7EE8-4EFF-8D3A-49405DD7BCA1}.Release|x64.ActiveCfg = Release|x64
		{31755BEF-7EE8-4EFF-8D3A-49405DD7BCA1}.Release|x64.Build.0 = Release|x64
		{31755BEF-7EE8-4EFF-8D3A-49405DD7BCA1}.Release|x64.Deploy.0 = Release|x64
		{31755BEF-7EE8-4EFF-8D3A-49405DD7BCA1}.Release|x86.ActiveCfg = Release|x86
		{31755BEF-7EE8-4EFF-8D3A-49405DD7BCA1}.Release|x86.Build.0 = Release|x86
		{31755BEF-7EE8-4EFF-8D3A-49405DD7BCA1}.Release|x86.Deploy.0 = Release|x86
		{0E793585-A50B-40D0-9AF1-70AA455E685D}.Debug|Any CPU.ActiveCfg = Debug|Any CPU
		{0E793585-A50B-40D0-9AF1-70AA455E685D}.Debug|Any CPU.Build.0 = Debug|Any CPU
		{0E793585-A50B-40D0-9AF1-70AA455E685D}.Debug|ARM.ActiveCfg = Debug|Any CPU
		{0E793585-A50B-40D0-9AF1-70AA455E685D}.Debug|ARM.Build.0 = Debug|Any CPU
		{0E793585-A50B-40D0-9AF1-70AA455E685D}.Debug|ARM64.ActiveCfg = Debug|Any CPU
		{0E793585-A50B-40D0-9AF1-70AA455E685D}.Debug|ARM64.Build.0 = Debug|Any CPU
		{0E793585-A50B-40D0-9AF1-70AA455E685D}.Debug|x64.ActiveCfg = Debug|Any CPU
		{0E793585-A50B-40D0-9AF1-70AA455E685D}.Debug|x64.Build.0 = Debug|Any CPU
		{0E793585-A50B-40D0-9AF1-70AA455E685D}.Debug|x86.ActiveCfg = Debug|Any CPU
		{0E793585-A50B-40D0-9AF1-70AA455E685D}.Debug|x86.Build.0 = Debug|Any CPU
		{0E793585-A50B-40D0-9AF1-70AA455E685D}.Release|Any CPU.ActiveCfg = Release|Any CPU
		{0E793585-A50B-40D0-9AF1-70AA455E685D}.Release|Any CPU.Build.0 = Release|Any CPU
		{0E793585-A50B-40D0-9AF1-70AA455E685D}.Release|ARM.ActiveCfg = Release|Any CPU
		{0E793585-A50B-40D0-9AF1-70AA455E685D}.Release|ARM.Build.0 = Release|Any CPU
		{0E793585-A50B-40D0-9AF1-70AA455E685D}.Release|ARM64.ActiveCfg = Release|Any CPU
		{0E793585-A50B-40D0-9AF1-70AA455E685D}.Release|ARM64.Build.0 = Release|Any CPU
		{0E793585-A50B-40D0-9AF1-70AA455E685D}.Release|x64.ActiveCfg = Release|Any CPU
		{0E793585-A50B-40D0-9AF1-70AA455E685D}.Release|x64.Build.0 = Release|Any CPU
		{0E793585-A50B-40D0-9AF1-70AA455E685D}.Release|x86.ActiveCfg = Release|Any CPU
		{0E793585-A50B-40D0-9AF1-70AA455E685D}.Release|x86.Build.0 = Release|Any CPU
		{2F382E6A-E7DA-4C71-AD65-161488D57978}.Debug|Any CPU.ActiveCfg = Debug|Any CPU
		{2F382E6A-E7DA-4C71-AD65-161488D57978}.Debug|Any CPU.Build.0 = Debug|Any CPU
		{2F382E6A-E7DA-4C71-AD65-161488D57978}.Debug|ARM.ActiveCfg = Debug|ARM
		{2F382E6A-E7DA-4C71-AD65-161488D57978}.Debug|ARM.Build.0 = Debug|ARM
		{2F382E6A-E7DA-4C71-AD65-161488D57978}.Debug|ARM64.ActiveCfg = Debug|ARM64
		{2F382E6A-E7DA-4C71-AD65-161488D57978}.Debug|ARM64.Build.0 = Debug|ARM64
		{2F382E6A-E7DA-4C71-AD65-161488D57978}.Debug|x64.ActiveCfg = Debug|x64
		{2F382E6A-E7DA-4C71-AD65-161488D57978}.Debug|x64.Build.0 = Debug|x64
		{2F382E6A-E7DA-4C71-AD65-161488D57978}.Debug|x86.ActiveCfg = Debug|x86
		{2F382E6A-E7DA-4C71-AD65-161488D57978}.Debug|x86.Build.0 = Debug|x86
		{2F382E6A-E7DA-4C71-AD65-161488D57978}.Release|Any CPU.ActiveCfg = Release|Any CPU
		{2F382E6A-E7DA-4C71-AD65-161488D57978}.Release|Any CPU.Build.0 = Release|Any CPU
		{2F382E6A-E7DA-4C71-AD65-161488D57978}.Release|ARM.ActiveCfg = Release|ARM
		{2F382E6A-E7DA-4C71-AD65-161488D57978}.Release|ARM.Build.0 = Release|ARM
		{2F382E6A-E7DA-4C71-AD65-161488D57978}.Release|ARM64.ActiveCfg = Release|ARM64
		{2F382E6A-E7DA-4C71-AD65-161488D57978}.Release|ARM64.Build.0 = Release|ARM64
		{2F382E6A-E7DA-4C71-AD65-161488D57978}.Release|x64.ActiveCfg = Release|x64
		{2F382E6A-E7DA-4C71-AD65-161488D57978}.Release|x64.Build.0 = Release|x64
		{2F382E6A-E7DA-4C71-AD65-161488D57978}.Release|x86.ActiveCfg = Release|x86
		{2F382E6A-E7DA-4C71-AD65-161488D57978}.Release|x86.Build.0 = Release|x86
	EndGlobalSection
	GlobalSection(SolutionProperties) = preSolution
		HideSolutionNode = FALSE
	EndGlobalSection
	GlobalSection(ExtensibilityGlobals) = postSolution
		SolutionGuid = {2D5A00F9-B62F-4D6E-AA5F-E0034C2073EE}
	EndGlobalSection
EndGlobal
